
Microsoft Visual Studio Solution File, Format Version 12.00
# Visual Studio 14
VisualStudioVersion = 14.0.24720.0
MinimumVisualStudioVersion = 10.0.40219.1
Project("{FAE04EC0-301F-11D3-BF4B-00C04F79EFBC}") = "HW6", "HW6\HW6.csproj", "{A98167AA-7CBE-4161-BB87-1C2690B2920C}"
EndProject
Global
	GlobalSection(SolutionConfigurationPlatforms) = preSolution
		Debug|Any CPU = Debug|Any CPU
		Release|Any CPU = Release|Any CPU
	EndGlobalSection
	GlobalSection(ProjectConfigurationPlatforms) = postSolution
		{A98167AA-7CBE-4161-BB87-1C2690B2920C}.Debug|Any CPU.ActiveCfg = Debug|Any CPU
		{A98167AA-7CBE-4161-BB87-1C2690B2920C}.Debug|Any CPU.Build.0 = Debug|Any CPU
		{A98167AA-7CBE-4161-BB87-1C2690B2920C}.Release|Any CPU.ActiveCfg = Release|Any CPU
		{A98167AA-7CBE-4161-BB87-1C2690B2920C}.Release|Any CPU.Build.0 = Release|Any CPU
	EndGlobalSection
	GlobalSection(SolutionProperties) = preSolution
		HideSolutionNode = FALSE
	EndGlobalSection
EndGlobal
